{
  "version": "3",
  "remote": {
    "https://edge.netlify.com/": "fd941d61d88673d5f28aab283fb86fcc50f08a3bc80ee5470498fcfa88c65cfb",
    "https://edge.netlify.com/bootstrap/config.ts": "0aa0a225d978b89e0e62cbd853701605199e7a84095e55eeb70147faf1a24803",
    "https://edge.netlify.com/bootstrap/context.ts": "f8392d0bfc4a345f0508157a9ed1a8b0ac832275e5ae6fe9301a8268fbfeb0b5",
    "https://edge.netlify.com/bootstrap/cookie.ts": "8b0baae708989ca183c6f3b4ab3d029e6abcbc2e43f93edeb0ff447b3bbc3a05",
    "https://edge.netlify.com/bootstrap/edge_function.ts": "b8253e86aa83c67341f5cfedeba5049d77fbf84dcab7eceff7566b7728ae9b39",
    "https://edge.netlify.com/bootstrap/globals/types.ts": "a92107bafea2f88f9c7f787575732436abc40e45ccc062c76093096e7c34c84b"
  },
  "workspace": {
    "packageJson": {
      "dependencies": [
        "npm:@astrojs/check@^0.8.2",
        "npm:@astrojs/mdx@^3.1.2",
        "npm:@astrojs/netlify@^5.4.0",
        "npm:@astrojs/sitemap@^3.1.6",
        "npm:@cloudinary/url-gen@^1.19.0",
        "npm:@eslint/js@^9.7.0",
        "npm:@floating-ui/dom@^1.6.7",
        "npm:@fontsource-variable/montserrat@^5.0.19",
        "npm:@fontsource-variable/playfair-display@^5.0.25",
        "npm:@iconify-json/akar-icons@^1.1.24",
        "npm:@iconify-json/devicon-plain@^1.1.45",
        "npm:@iconify-json/fa6-brands@^1.1.20",
        "npm:@iconify-json/lucide@^1.1.200",
        "npm:@iconify-json/material-symbols@^1.1.84",
        "npm:@iconify-json/simple-icons@^1.1.109",
        "npm:@rollup/plugin-yaml@^4.1.2",
        "npm:@total-typescript/ts-reset@^0.5.1",
        "npm:@types/eslint__js@^8.42.3",
        "npm:@typescript-eslint/eslint-plugin@^7.16.1",
        "npm:@typescript-eslint/parser@^7.16.1",
        "npm:@webcomponents/template-shadowroot@^0.2.1",
        "npm:astro-cloudinary-image@^0.0.6",
        "npm:astro-eslint-parser@^1.0.2",
        "npm:astro-icon@^1.1.0",
        "npm:astro-purgecss@^4.1.1",
        "npm:astro@^4.11.6",
        "npm:autoprefixer@^10.4.19",
        "npm:cssnano@^7.0.4",
        "npm:eslint-config-standard-with-typescript@^43.0.1",
        "npm:eslint-plugin-astro@^1.2.3",
        "npm:eslint-plugin-import@^2.29.1",
        "npm:eslint-plugin-jsx-a11y@^6.9.0",
        "npm:eslint-plugin-n@^17.9.0",
        "npm:eslint-plugin-promise@^6.4.0",
        "npm:eslint@^9.7.0",
        "npm:globals@^15.8.0",
        "npm:normalize.css@^8.0.1",
        "npm:npm-check-updates@^16.14.20",
        "npm:postcss-cli@^11.0.0",
        "npm:postcss-combine-duplicated-selectors@^10.0.3",
        "npm:postcss-html@^1.7.0",
        "npm:postcss-import@^16.1.0",
        "npm:postcss-reporter@^7.1.0",
        "npm:postcss-url@^10.1.3",
        "npm:postcss@^8.4.39",
        "npm:prettier@^3.3.3",
        "npm:purgecss@^6.0.0",
        "npm:sass@^1.77.8",
        "npm:stylelint-config-astro@^1.0.4",
        "npm:stylelint-config-html@^1.1.0",
        "npm:stylelint-config-standard-scss@^13.1.0",
        "npm:stylelint-config-standard@^36.0.1",
        "npm:stylelint@^16.7.0",
        "npm:typescript-eslint@^7.16.1",
        "npm:typescript@^5.5.3"
      ]
    }
  }
}
